{
    "_readme": [
        "This file locks the dependencies of your project to a known state",
        "Read more about it at https://getcomposer.org/doc/01-basic-usage.md#composer-lock-the-lock-file",
        "This file is @generated automatically"
    ],
    "hash": "7d68f8f123e746496e019856ba9f02ce",
    "packages": [
        {
            "name": "league/plates",
            "version": "3.1.0",
            "source": {
                "type": "git",
                "url": "https://github.com/thephpleague/plates.git",
                "reference": "c39d8fbcbeb07a0948d5e1cf8d78c6e1ef3e81a8"
            },
            "dist": {
                "type": "zip",
                "url": "https://api.github.com/repos/thephpleague/plates/zipball/c39d8fbcbeb07a0948d5e1cf8d78c6e1ef3e81a8",
                "reference": "c39d8fbcbeb07a0948d5e1cf8d78c6e1ef3e81a8",
                "shasum": ""
            },
            "require-dev": {
                "mikey179/vfsstream": "~1.4.0",
                "phpunit/phpunit": "~4.0",
                "squizlabs/php_codesniffer": "~1.5"
            },
            "type": "library",
            "extra": {
                "branch-alias": {
                    "dev-master": "3.0-dev"
                }
            },
            "autoload": {
                "psr-4": {
                    "League\\Plates\\": "src"
                }
            },
            "notification-url": "https://packagist.org/downloads/",
            "license": [
                "MIT"
            ],
            "authors": [
                {
                    "name": "Jonathan Reinink",
                    "email": "jonathan@reinink.ca",
                    "role": "Developer"
                }
            ],
            "description": "Plates, the native PHP template system that's fast, easy to use and easy to extend.",
            "homepage": "http://platesphp.com",
            "keywords": [
                "league",
                "package",
                "templates",
                "templating",
                "views"
            ],
            "time": "2014-10-21 12:06:12"
        },
        {
            "name": "onesimus-systems/osrouter",
            "version": "dev-master",
            "source": {
                "type": "git",
                "url": "https://github.com/onesimus-systems/osrouter.git",
                "reference": "6f54edb1f74b8df3dfe5d3379fd4ea65b4504e57"
            },
            "dist": {
                "type": "zip",
                "url": "https://api.github.com/repos/onesimus-systems/osrouter/zipball/6f54edb1f74b8df3dfe5d3379fd4ea65b4504e57",
                "reference": "6f54edb1f74b8df3dfe5d3379fd4ea65b4504e57",
                "shasum": ""
            },
            "require-dev": {
                "phpunit/phpunit": "4.7.*"
            },
            "type": "library",
            "autoload": {
                "psr-4": {
                    "Onesimus\\Router\\": "src/"
                }
            },
            "notification-url": "https://packagist.org/downloads/",
            "license": [
                "BSD-3-Clause"
            ],
            "authors": [
                {
                    "name": "Lee Keitel",
                    "email": "keitellf@gmail.com",
                    "homepage": "http://dragonrider23.github.io",
                    "role": "Developer"
                }
            ],
            "time": "2015-06-13 21:09:50"
        },
        {
            "name": "onesimus-systems/seed-catalog",
            "version": "dev-master",
            "source": {
                "type": "git",
                "url": "https://github.com/onesimus-systems/seed-catalog.git",
                "reference": "616bff8c049c96d3e091fc20bf4c3113bec11db2"
            },
            "dist": {
                "type": "zip",
                "url": "https://api.github.com/repos/onesimus-systems/seed-catalog/zipball/616bff8c049c96d3e091fc20bf4c3113bec11db2",
                "reference": "616bff8c049c96d3e091fc20bf4c3113bec11db2",
                "shasum": ""
            },
            "require-dev": {
                "phpunit/phpunit": "^4.6"
            },
            "type": "library",
            "autoload": {
                "psr-4": {
                    "SC\\": "src"
                }
            },
            "notification-url": "https://packagist.org/downloads/",
            "license": [
                "MIT"
            ],
            "authors": [
                {
                    "name": "Emanuil Rusev",
                    "email": "hello@erusev.com",
                    "homepage": "http://erusev.com"
                },
                {
                    "name": "Lee Keitel",
                    "email": "onesimussystems@gmail.com",
                    "homepage": "http://onesimussystems.com"
                }
            ],
            "description": "Simple ORM.",
            "homepage": "https://github.com/onesimus-systems/seed-catalog",
            "keywords": [
                "database",
                "orm",
                "pdo"
            ],
            "time": "2015-06-06 23:06:46"
        }
    ],
    "packages-dev": [],
    "aliases": [],
    "minimum-stability": "stable",
    "stability-flags": {
        "onesimus-systems/seed-catalog": 20,
        "onesimus-systems/osrouter": 20
    },
    "prefer-stable": false,
    "prefer-lowest": false,
    "platform": [],
    "platform-dev": []
}
