{
    "_readme": [
        "This file locks the dependencies of your project to a known state",
        "Read more about it at https://getcomposer.org/doc/01-basic-usage.md#installing-dependencies",
        "This file is @generated automatically"
    ],
    "content-hash": "3eb3200ad9649fab2e6ed679ed3d0259",
    "packages": [
        {
            "name": "league/plates",
            "version": "3.3.0",
            "source": {
                "type": "git",
                "url": "https://github.com/thephpleague/plates.git",
                "reference": "b1684b6f127714497a0ef927ce42c0b44b45a8af"
            },
            "dist": {
                "type": "zip",
                "url": "https://api.github.com/repos/thephpleague/plates/zipball/b1684b6f127714497a0ef927ce42c0b44b45a8af",
                "reference": "b1684b6f127714497a0ef927ce42c0b44b45a8af",
                "shasum": ""
            },
            "require": {
                "php": "^5.3 | ^7.0"
            },
            "require-dev": {
                "mikey179/vfsstream": "^1.4",
                "phpunit/phpunit": "~4.0",
                "squizlabs/php_codesniffer": "~1.5"
            },
            "type": "library",
            "extra": {
                "branch-alias": {
                    "dev-master": "3.0-dev"
                }
            },
            "autoload": {
                "psr-4": {
                    "League\\Plates\\": "src"
                }
            },
            "notification-url": "https://packagist.org/downloads/",
            "license": [
                "MIT"
            ],
            "authors": [
                {
                    "name": "Jonathan Reinink",
                    "email": "jonathan@reinink.ca",
                    "role": "Developer"
                }
            ],
            "description": "Plates, the native PHP template system that's fast, easy to use and easy to extend.",
            "homepage": "http://platesphp.com",
            "keywords": [
                "league",
                "package",
                "templates",
                "templating",
                "views"
            ],
            "time": "2016-12-28T00:14:17+00:00"
        },
        {
            "name": "onesimus-systems/oslogger",
            "version": "2.3.2",
            "source": {
                "type": "git",
                "url": "https://github.com/onesimus-systems/oslogger.git",
                "reference": "8abdd4d704595ee63f9d025fc3f1976d63a5a6ae"
            },
            "dist": {
                "type": "zip",
                "url": "https://api.github.com/repos/onesimus-systems/oslogger/zipball/8abdd4d704595ee63f9d025fc3f1976d63a5a6ae",
                "reference": "8abdd4d704595ee63f9d025fc3f1976d63a5a6ae",
                "shasum": ""
            },
            "require": {
                "php": ">=5.3.0",
                "psr/log": "~1.0"
            },
            "require-dev": {
                "phpunit/phpunit": "4.7.*"
            },
            "type": "library",
            "autoload": {
                "psr-4": {
                    "Onesimus\\Logger\\": "src/"
                }
            },
            "notification-url": "https://packagist.org/downloads/",
            "license": [
                "BSD-3-Clause"
            ],
            "authors": [
                {
                    "name": "Lee Keitel",
                    "email": "keitellf@gmail.com",
                    "homepage": "http://dragonrider23.github.io",
                    "role": "Developer"
                }
            ],
            "description": "Simple, modular, PSR-3 compliant logging library.",
            "keywords": [
                "PSR3",
                "logging",
                "logs"
            ],
            "time": "2015-06-20T23:10:08+00:00"
        },
        {
            "name": "onesimus-systems/osrouter",
            "version": "1.0.8",
            "source": {
                "type": "git",
                "url": "https://github.com/onesimus-systems/osrouter.git",
                "reference": "1b87b0b91c227752cc6d3e09cc02d9d2bb4bc7de"
            },
            "dist": {
                "type": "zip",
                "url": "https://api.github.com/repos/onesimus-systems/osrouter/zipball/1b87b0b91c227752cc6d3e09cc02d9d2bb4bc7de",
                "reference": "1b87b0b91c227752cc6d3e09cc02d9d2bb4bc7de",
                "shasum": ""
            },
            "require-dev": {
                "phpunit/phpunit": "4.7.*"
            },
            "type": "library",
            "autoload": {
                "psr-4": {
                    "Onesimus\\Router\\": "src/"
                }
            },
            "notification-url": "https://packagist.org/downloads/",
            "license": [
                "BSD-3-Clause"
            ],
            "authors": [
                {
                    "name": "Lee Keitel",
                    "email": "keitellf@gmail.com",
                    "homepage": "http://dragonrider23.github.io",
                    "role": "Developer"
                }
            ],
            "description": "A simple, easy to use router for PHP web applications",
            "keywords": [
                "http",
                "router"
            ],
            "time": "2015-11-04T03:58:24+00:00"
        },
        {
            "name": "onesimus-systems/ossession",
            "version": "1.0.2",
            "source": {
                "type": "git",
                "url": "https://github.com/onesimus-systems/ossession.git",
                "reference": "6d1ee79ceb8065be4ca5b7e1a20710577ecd1370"
            },
            "dist": {
                "type": "zip",
                "url": "https://api.github.com/repos/onesimus-systems/ossession/zipball/6d1ee79ceb8065be4ca5b7e1a20710577ecd1370",
                "reference": "6d1ee79ceb8065be4ca5b7e1a20710577ecd1370",
                "shasum": ""
            },
            "require": {
                "onesimus-systems/seed-catalog": "^1.1.0"
            },
            "require-dev": {
                "phpunit/phpunit": "4.7.*"
            },
            "type": "library",
            "autoload": {
                "psr-4": {
                    "Onesimus\\Session\\": "src/"
                }
            },
            "notification-url": "https://packagist.org/downloads/",
            "license": [
                "BSD-3-Clause"
            ],
            "authors": [
                {
                    "name": "Lee Keitel",
                    "email": "lee@onesimussystems.com",
                    "homepage": "http://dragonrider23.github.io",
                    "role": "Developer"
                }
            ],
            "description": "Centralized session management for PHP applications.",
            "keywords": [
                "session"
            ],
            "time": "2017-01-23T19:37:01+00:00"
        },
        {
            "name": "onesimus-systems/seed-catalog",
            "version": "1.1.0",
            "source": {
                "type": "git",
                "url": "https://github.com/onesimus-systems/seed-catalog.git",
                "reference": "66ea1276b90f0496d58d8923519f62237bf81787"
            },
            "dist": {
                "type": "zip",
                "url": "https://api.github.com/repos/onesimus-systems/seed-catalog/zipball/66ea1276b90f0496d58d8923519f62237bf81787",
                "reference": "66ea1276b90f0496d58d8923519f62237bf81787",
                "shasum": ""
            },
            "require-dev": {
                "phpunit/phpunit": "^4.6"
            },
            "type": "library",
            "autoload": {
                "psr-4": {
                    "SC\\": "src"
                }
            },
            "notification-url": "https://packagist.org/downloads/",
            "license": [
                "MIT"
            ],
            "authors": [
                {
                    "name": "Lee Keitel",
                    "email": "onesimussystems@gmail.com",
                    "homepage": "http://onesimussystems.com"
                },
                {
                    "name": "Emanuil Rusev",
                    "email": "hello@erusev.com",
                    "homepage": "http://erusev.com",
                    "role": "Original Developer"
                }
            ],
            "description": "Simple ORM.",
            "homepage": "https://github.com/onesimus-systems/seed-catalog",
            "keywords": [
                "database",
                "orm",
                "pdo"
            ],
            "time": "2015-10-11T01:19:12+00:00"
        },
        {
            "name": "psr/log",
            "version": "1.1.0",
            "source": {
                "type": "git",
                "url": "https://github.com/php-fig/log.git",
                "reference": "6c001f1daafa3a3ac1d8ff69ee4db8e799a654dd"
            },
            "dist": {
                "type": "zip",
                "url": "https://api.github.com/repos/php-fig/log/zipball/6c001f1daafa3a3ac1d8ff69ee4db8e799a654dd",
                "reference": "6c001f1daafa3a3ac1d8ff69ee4db8e799a654dd",
                "shasum": ""
            },
            "require": {
                "php": ">=5.3.0"
            },
            "type": "library",
            "extra": {
                "branch-alias": {
                    "dev-master": "1.0.x-dev"
                }
            },
            "autoload": {
                "psr-4": {
                    "Psr\\Log\\": "Psr/Log/"
                }
            },
            "notification-url": "https://packagist.org/downloads/",
            "license": [
                "MIT"
            ],
            "authors": [
                {
                    "name": "PHP-FIG",
                    "homepage": "http://www.php-fig.org/"
                }
            ],
            "description": "Common interface for logging libraries",
            "homepage": "https://github.com/php-fig/log",
            "keywords": [
                "log",
                "psr",
                "psr-3"
            ],
            "time": "2018-11-20T15:27:04+00:00"
        }
    ],
    "packages-dev": [],
    "aliases": [],
    "minimum-stability": "stable",
    "stability-flags": [],
    "prefer-stable": false,
    "prefer-lowest": false,
    "platform": {
        "php": ">=7.0.0"
    },
    "platform-dev": []
}
